
Microsoft Visual Studio Solution File, Format Version 12.00
# Visual Studio Version 16
VisualStudioVersion = 16.0.28922.388
MinimumVisualStudioVersion = 10.0.40219.1
Project("{9A19103F-16F7-4668-BE54-9A1E7A4F7556}") = "RtspConverter.Web", "RtspConverter.Web\RtspConverter.Web.csproj", "{48A5DE9E-5AB5-48AA-958D-79DDE7F97561}"
EndProject
Project("{9A19103F-16F7-4668-BE54-9A1E7A4F7556}") = "RtspConverter.Application", "RtspConverter.Application\RtspConverter.Application.csproj", "{BB7AD168-EF53-45B4-804B-ECE9C9D90BF3}"
EndProject
Project("{9A19103F-16F7-4668-BE54-9A1E7A4F7556}") = "RtspConverter.FFmpeg", "RtspConverter.FFmpeg\RtspConverter.FFmpeg.csproj", "{F8EF5592-B639-43CF-A016-C80B491D1F58}"
EndProject
Project("{2150E333-8FDC-42A3-9474-1A3956D46DE8}") = "test", "test", "{6148A2CE-3D2F-4D7D-B0FA-0822D0298877}"
EndProject
Project("{FAE04EC0-301F-11D3-BF4B-00C04F79EFBC}") = "ConsoleApp1", "ConsoleApp1\ConsoleApp1.csproj", "{2CA0DFAE-6692-4520-B46E-E20DBC44ADE6}"
EndProject
Global
	GlobalSection(SolutionConfigurationPlatforms) = preSolution
		Debug|Any CPU = Debug|Any CPU
		Release|Any CPU = Release|Any CPU
	EndGlobalSection
	GlobalSection(ProjectConfigurationPlatforms) = postSolution
		{48A5DE9E-5AB5-48AA-958D-79DDE7F97561}.Debug|Any CPU.ActiveCfg = Debug|Any CPU
		{48A5DE9E-5AB5-48AA-958D-79DDE7F97561}.Debug|Any CPU.Build.0 = Debug|Any CPU
		{48A5DE9E-5AB5-48AA-958D-79DDE7F97561}.Release|Any CPU.ActiveCfg = Release|Any CPU
		{48A5DE9E-5AB5-48AA-958D-79DDE7F97561}.Release|Any CPU.Build.0 = Release|Any CPU
		{BB7AD168-EF53-45B4-804B-ECE9C9D90BF3}.Debug|Any CPU.ActiveCfg = Debug|Any CPU
		{BB7AD168-EF53-45B4-804B-ECE9C9D90BF3}.Debug|Any CPU.Build.0 = Debug|Any CPU
		{BB7AD168-EF53-45B4-804B-ECE9C9D90BF3}.Release|Any CPU.ActiveCfg = Release|Any CPU
		{BB7AD168-EF53-45B4-804B-ECE9C9D90BF3}.Release|Any CPU.Build.0 = Release|Any CPU
		{F8EF5592-B639-43CF-A016-C80B491D1F58}.Debug|Any CPU.ActiveCfg = Debug|Any CPU
		{F8EF5592-B639-43CF-A016-C80B491D1F58}.Debug|Any CPU.Build.0 = Debug|Any CPU
		{F8EF5592-B639-43CF-A016-C80B491D1F58}.Release|Any CPU.ActiveCfg = Release|Any CPU
		{F8EF5592-B639-43CF-A016-C80B491D1F58}.Release|Any CPU.Build.0 = Release|Any CPU
		{2CA0DFAE-6692-4520-B46E-E20DBC44ADE6}.Debug|Any CPU.ActiveCfg = Debug|Any CPU
		{2CA0DFAE-6692-4520-B46E-E20DBC44ADE6}.Debug|Any CPU.Build.0 = Debug|Any CPU
		{2CA0DFAE-6692-4520-B46E-E20DBC44ADE6}.Release|Any CPU.ActiveCfg = Release|Any CPU
		{2CA0DFAE-6692-4520-B46E-E20DBC44ADE6}.Release|Any CPU.Build.0 = Release|Any CPU
	EndGlobalSection
	GlobalSection(SolutionProperties) = preSolution
		HideSolutionNode = FALSE
	EndGlobalSection
	GlobalSection(NestedProjects) = preSolution
		{2CA0DFAE-6692-4520-B46E-E20DBC44ADE6} = {6148A2CE-3D2F-4D7D-B0FA-0822D0298877}
	EndGlobalSection
	GlobalSection(ExtensibilityGlobals) = postSolution
		SolutionGuid = {AF71A2AA-81AC-4AAD-9A9C-72BBD11343EA}
	EndGlobalSection
EndGlobal
